
Microsoft Visual Studio Solution File, Format Version 12.00
# Visual Studio Version 17
VisualStudioVersion = 17.8.34309.116
MinimumVisualStudioVersion = 10.0.40219.1
Project("{FAE04EC0-301F-11D3-BF4B-00C04F79EFBC}") = "ShopHoa", "ShopHoa\ShopHoa.csproj", "{414F734A-18A3-4956-878F-BBDF7FCE684A}"
EndProject
Global
	GlobalSection(SolutionConfigurationPlatforms) = preSolution
		Debug|Any CPU = Debug|Any CPU
		Release|Any CPU = Release|Any CPU
	EndGlobalSection
	GlobalSection(ProjectConfigurationPlatforms) = postSolution
		{414F734A-18A3-4956-878F-BBDF7FCE684A}.Debug|Any CPU.ActiveCfg = Debug|Any CPU
		{414F734A-18A3-4956-878F-BBDF7FCE684A}.Debug|Any CPU.Build.0 = Debug|Any CPU
		{414F734A-18A3-4956-878F-BBDF7FCE684A}.Release|Any CPU.ActiveCfg = Release|Any CPU
		{414F734A-18A3-4956-878F-BBDF7FCE684A}.Release|Any CPU.Build.0 = Release|Any CPU
	EndGlobalSection
	GlobalSection(SolutionProperties) = preSolution
		HideSolutionNode = FALSE
	EndGlobalSection
	GlobalSection(ExtensibilityGlobals) = postSolution
		SolutionGuid = {887A182A-BDEE-40C5-899E-F4228AD09EA8}
	EndGlobalSection
EndGlobal
